Microsoft Visual Studio Solution File, Format Version 12.00
# Visual Studio Version 17
VisualStudioVersion = 17.5.2.0
MinimumVisualStudioVersion = 10.0.40219.1
Project("{FAE04EC0-301F-11D3-BF4B-00C04F79EFBC}") = "DSSystem", "DSSystem.csproj", "{811E4348-AA30-7E56-6A1D-056E00E17123}"
EndProject
Global
	GlobalSection(SolutionConfigurationPlatforms) = preSolution
		Debug|Any CPU = Debug|Any CPU
		Release|Any CPU = Release|Any CPU
	EndGlobalSection
	GlobalSection(ProjectConfigurationPlatforms) = postSolution
		{811E4348-AA30-7E56-6A1D-056E00E17123}.Debug|Any CPU.ActiveCfg = Debug|Any CPU
		{811E4348-AA30-7E56-6A1D-056E00E17123}.Debug|Any CPU.Build.0 = Debug|Any CPU
		{811E4348-AA30-7E56-6A1D-056E00E17123}.Release|Any CPU.ActiveCfg = Release|Any CPU
		{811E4348-AA30-7E56-6A1D-056E00E17123}.Release|Any CPU.Build.0 = Release|Any CPU
	EndGlobalSection
	GlobalSection(SolutionProperties) = preSolution
		HideSolutionNode = FALSE
	EndGlobalSection
	GlobalSection(ExtensibilityGlobals) = postSolution
		SolutionGuid = {E397F308-E7D6-4D08-8015-EB2F7F919C68}
	EndGlobalSection
EndGlobal
